
Microsoft Visual Studio Solution File, Format Version 12.00
# Visual Studio Version 17
VisualStudioVersion = 17.3.32825.248
MinimumVisualStudioVersion = 10.0.40219.1
Project("{FAE04EC0-301F-11D3-BF4B-00C04F79EFBC}") = "PictureViewerStarovoytova", "PictureViewerStarovoytova\PictureViewerStarovoytova.csproj", "{7B1BA227-0560-499C-8AAD-90D36799506B}"
EndProject
Global
	GlobalSection(SolutionConfigurationPlatforms) = preSolution
		Debug|Any CPU = Debug|Any CPU
		Release|Any CPU = Release|Any CPU
	EndGlobalSection
	GlobalSection(ProjectConfigurationPlatforms) = postSolution
		{7B1BA227-0560-499C-8AAD-90D36799506B}.Debug|Any CPU.ActiveCfg = Debug|Any CPU
		{7B1BA227-0560-499C-8AAD-90D36799506B}.Debug|Any CPU.Build.0 = Debug|Any CPU
		{7B1BA227-0560-499C-8AAD-90D36799506B}.Release|Any CPU.ActiveCfg = Release|Any CPU
		{7B1BA227-0560-499C-8AAD-90D36799506B}.Release|Any CPU.Build.0 = Release|Any CPU
	EndGlobalSection
	GlobalSection(SolutionProperties) = preSolution
		HideSolutionNode = FALSE
	EndGlobalSection
	GlobalSection(ExtensibilityGlobals) = postSolution
		SolutionGuid = {5EB68CD1-7EFA-4F20-B12C-C54F98FBEB0E}
	EndGlobalSection
EndGlobal
